
Microsoft Visual Studio Solution File, Format Version 12.00
# Visual Studio Version 17
VisualStudioVersion = 17.0.31903.59
MinimumVisualStudioVersion = 10.0.40219.1
Project("{9A19103F-16F7-4668-BE54-9A1E7A4F7556}") = "HotReloadWpf", "HotReloadWpf\HotReloadWpf.csproj", "{8EC119FE-21A9-451E-84EB-7E38814D8751}"
EndProject
Project("{9A19103F-16F7-4668-BE54-9A1E7A4F7556}") = "HotReloadBlazor", "HotReloadBlazor\HotReloadBlazor.csproj", "{F511E7CF-CE2E-4440-B372-5FD2F0A28A3A}"
EndProject
Project("{9A19103F-16F7-4668-BE54-9A1E7A4F7556}") = "HotReloadMvc", "HotReloadMvc\HotReloadMvc.csproj", "{0D6D7A9F-CB93-4A59-880A-D8DFF3427695}"
EndProject
Project("{FAE04EC0-301F-11D3-BF4B-00C04F79EFBC}") = "ColdReloadBlazorClient", "ColdReloadBlazorClient\ColdReloadBlazorClient.csproj", "{67B43030-9818-4D0A-93DC-6CEB0C5D0BE0}"
EndProject
Global
	GlobalSection(SolutionConfigurationPlatforms) = preSolution
		Debug|Any CPU = Debug|Any CPU
		Release|Any CPU = Release|Any CPU
	EndGlobalSection
	GlobalSection(ProjectConfigurationPlatforms) = postSolution
		{8EC119FE-21A9-451E-84EB-7E38814D8751}.Debug|Any CPU.ActiveCfg = Debug|Any CPU
		{8EC119FE-21A9-451E-84EB-7E38814D8751}.Debug|Any CPU.Build.0 = Debug|Any CPU
		{8EC119FE-21A9-451E-84EB-7E38814D8751}.Release|Any CPU.ActiveCfg = Release|Any CPU
		{8EC119FE-21A9-451E-84EB-7E38814D8751}.Release|Any CPU.Build.0 = Release|Any CPU
		{F511E7CF-CE2E-4440-B372-5FD2F0A28A3A}.Debug|Any CPU.ActiveCfg = Debug|Any CPU
		{F511E7CF-CE2E-4440-B372-5FD2F0A28A3A}.Debug|Any CPU.Build.0 = Debug|Any CPU
		{F511E7CF-CE2E-4440-B372-5FD2F0A28A3A}.Release|Any CPU.ActiveCfg = Release|Any CPU
		{F511E7CF-CE2E-4440-B372-5FD2F0A28A3A}.Release|Any CPU.Build.0 = Release|Any CPU
		{0D6D7A9F-CB93-4A59-880A-D8DFF3427695}.Debug|Any CPU.ActiveCfg = Debug|Any CPU
		{0D6D7A9F-CB93-4A59-880A-D8DFF3427695}.Debug|Any CPU.Build.0 = Debug|Any CPU
		{0D6D7A9F-CB93-4A59-880A-D8DFF3427695}.Release|Any CPU.ActiveCfg = Release|Any CPU
		{0D6D7A9F-CB93-4A59-880A-D8DFF3427695}.Release|Any CPU.Build.0 = Release|Any CPU
		{67B43030-9818-4D0A-93DC-6CEB0C5D0BE0}.Debug|Any CPU.ActiveCfg = Debug|Any CPU
		{67B43030-9818-4D0A-93DC-6CEB0C5D0BE0}.Debug|Any CPU.Build.0 = Debug|Any CPU
		{67B43030-9818-4D0A-93DC-6CEB0C5D0BE0}.Release|Any CPU.ActiveCfg = Release|Any CPU
		{67B43030-9818-4D0A-93DC-6CEB0C5D0BE0}.Release|Any CPU.Build.0 = Release|Any CPU
	EndGlobalSection
	GlobalSection(SolutionProperties) = preSolution
		HideSolutionNode = FALSE
	EndGlobalSection
	GlobalSection(ExtensibilityGlobals) = postSolution
		SolutionGuid = {B5D5071C-1066-4003-80F1-23EC2D85F2FA}
	EndGlobalSection
EndGlobal
