
Microsoft Visual Studio Solution File, Format Version 12.00
# Visual Studio Version 16
VisualStudioVersion = 25.0.1700.0
MinimumVisualStudioVersion = 10.0.40219.1
Project("{FAE04EC0-301F-11D3-BF4B-00C04F79EFBC}") = "01_TopLevelStatement", "01_TopLevelStatement\01_TopLevelStatement.csproj", "{CF5BE8AB-612C-4AE6-BEBA-149F05CD39C5}"
EndProject
Project("{FAE04EC0-301F-11D3-BF4B-00C04F79EFBC}") = "02_GlobalUsings", "02_GlobalUsings\02_GlobalUsings.csproj", "{8E3FD86F-4FF9-43AA-9A96-6DF19C7D116E}"
EndProject
Project("{FAE04EC0-301F-11D3-BF4B-00C04F79EFBC}") = "03_ImplicitUsings", "03_ImplicitUsings\03_ImplicitUsings.csproj", "{1DAF8CB5-3C16-490F-A92A-CD91B5F555FD}"
EndProject
Project("{FAE04EC0-301F-11D3-BF4B-00C04F79EFBC}") = "04_FileScopedNamespaces", "04_FileScopedNamespaces\04_FileScopedNamespaces.csproj", "{4B85DE7B-6B7C-42FC-9FA9-A9BB6A6CDE32}"
EndProject
Project("{FAE04EC0-301F-11D3-BF4B-00C04F79EFBC}") = "05_ConstantInterpolatedStrings", "05_ConstantInterpolatedStrings\05_ConstantInterpolatedStrings.csproj", "{E28C527B-E197-49A9-BC34-5495330702B6}"
EndProject
Project("{FAE04EC0-301F-11D3-BF4B-00C04F79EFBC}") = "06_ExtendedPropertyPatterns", "06_ExtendedPropertyPatterns\06_ExtendedPropertyPatterns.csproj", "{FC1F297A-AEA3-40AB-9899-7687AE137776}"
EndProject
Project("{FAE04EC0-301F-11D3-BF4B-00C04F79EFBC}") = "07_DateOnlyTimeOnly", "07_DateOnlyTimeOnly\07_DateOnlyTimeOnly.csproj", "{5FC0630B-7C60-4B00-AE9D-D8D672BD8DF3}"
EndProject
Project("{FAE04EC0-301F-11D3-BF4B-00C04F79EFBC}") = "08_LINQ", "08_LINQ\08_LINQ.csproj", "{E93CD9BA-E998-4AA8-8200-E39228816BEF}"
EndProject
Global
	GlobalSection(SolutionConfigurationPlatforms) = preSolution
		Debug|Any CPU = Debug|Any CPU
		Release|Any CPU = Release|Any CPU
	EndGlobalSection
	GlobalSection(ProjectConfigurationPlatforms) = postSolution
		{CF5BE8AB-612C-4AE6-BEBA-149F05CD39C5}.Debug|Any CPU.ActiveCfg = Debug|Any CPU
		{CF5BE8AB-612C-4AE6-BEBA-149F05CD39C5}.Debug|Any CPU.Build.0 = Debug|Any CPU
		{CF5BE8AB-612C-4AE6-BEBA-149F05CD39C5}.Release|Any CPU.ActiveCfg = Release|Any CPU
		{CF5BE8AB-612C-4AE6-BEBA-149F05CD39C5}.Release|Any CPU.Build.0 = Release|Any CPU
		{8E3FD86F-4FF9-43AA-9A96-6DF19C7D116E}.Debug|Any CPU.ActiveCfg = Debug|Any CPU
		{8E3FD86F-4FF9-43AA-9A96-6DF19C7D116E}.Debug|Any CPU.Build.0 = Debug|Any CPU
		{8E3FD86F-4FF9-43AA-9A96-6DF19C7D116E}.Release|Any CPU.ActiveCfg = Release|Any CPU
		{8E3FD86F-4FF9-43AA-9A96-6DF19C7D116E}.Release|Any CPU.Build.0 = Release|Any CPU
		{1DAF8CB5-3C16-490F-A92A-CD91B5F555FD}.Debug|Any CPU.ActiveCfg = Debug|Any CPU
		{1DAF8CB5-3C16-490F-A92A-CD91B5F555FD}.Debug|Any CPU.Build.0 = Debug|Any CPU
		{1DAF8CB5-3C16-490F-A92A-CD91B5F555FD}.Release|Any CPU.ActiveCfg = Release|Any CPU
		{1DAF8CB5-3C16-490F-A92A-CD91B5F555FD}.Release|Any CPU.Build.0 = Release|Any CPU
		{4B85DE7B-6B7C-42FC-9FA9-A9BB6A6CDE32}.Debug|Any CPU.ActiveCfg = Debug|Any CPU
		{4B85DE7B-6B7C-42FC-9FA9-A9BB6A6CDE32}.Debug|Any CPU.Build.0 = Debug|Any CPU
		{4B85DE7B-6B7C-42FC-9FA9-A9BB6A6CDE32}.Release|Any CPU.ActiveCfg = Release|Any CPU
		{4B85DE7B-6B7C-42FC-9FA9-A9BB6A6CDE32}.Release|Any CPU.Build.0 = Release|Any CPU
		{E28C527B-E197-49A9-BC34-5495330702B6}.Debug|Any CPU.ActiveCfg = Debug|Any CPU
		{E28C527B-E197-49A9-BC34-5495330702B6}.Debug|Any CPU.Build.0 = Debug|Any CPU
		{E28C527B-E197-49A9-BC34-5495330702B6}.Release|Any CPU.ActiveCfg = Release|Any CPU
		{E28C527B-E197-49A9-BC34-5495330702B6}.Release|Any CPU.Build.0 = Release|Any CPU
		{FC1F297A-AEA3-40AB-9899-7687AE137776}.Debug|Any CPU.ActiveCfg = Debug|Any CPU
		{FC1F297A-AEA3-40AB-9899-7687AE137776}.Debug|Any CPU.Build.0 = Debug|Any CPU
		{FC1F297A-AEA3-40AB-9899-7687AE137776}.Release|Any CPU.ActiveCfg = Release|Any CPU
		{FC1F297A-AEA3-40AB-9899-7687AE137776}.Release|Any CPU.Build.0 = Release|Any CPU
		{5FC0630B-7C60-4B00-AE9D-D8D672BD8DF3}.Debug|Any CPU.ActiveCfg = Debug|Any CPU
		{5FC0630B-7C60-4B00-AE9D-D8D672BD8DF3}.Debug|Any CPU.Build.0 = Debug|Any CPU
		{5FC0630B-7C60-4B00-AE9D-D8D672BD8DF3}.Release|Any CPU.ActiveCfg = Release|Any CPU
		{5FC0630B-7C60-4B00-AE9D-D8D672BD8DF3}.Release|Any CPU.Build.0 = Release|Any CPU
		{E93CD9BA-E998-4AA8-8200-E39228816BEF}.Debug|Any CPU.ActiveCfg = Debug|Any CPU
		{E93CD9BA-E998-4AA8-8200-E39228816BEF}.Debug|Any CPU.Build.0 = Debug|Any CPU
		{E93CD9BA-E998-4AA8-8200-E39228816BEF}.Release|Any CPU.ActiveCfg = Release|Any CPU
		{E93CD9BA-E998-4AA8-8200-E39228816BEF}.Release|Any CPU.Build.0 = Release|Any CPU
	EndGlobalSection
	GlobalSection(SolutionProperties) = preSolution
		HideSolutionNode = FALSE
	EndGlobalSection
	GlobalSection(ExtensibilityGlobals) = postSolution
		SolutionGuid = {73CD77DF-6FA2-4B54-A50A-A7F5A9A12CD5}
	EndGlobalSection
EndGlobal
